
Microsoft Visual Studio Solution File, Format Version 12.00
# Visual Studio Version 16
VisualStudioVersion = 16.0.29806.167
MinimumVisualStudioVersion = 10.0.40219.1
Project("{FAE04EC0-301F-11D3-BF4B-00C04F79EFBC}") = "lab11_5", "lab11_5\lab11_5.csproj", "{D7FC8AB2-3643-42BC-96D2-67E2C5D94B07}"
EndProject
Global
	GlobalSection(SolutionConfigurationPlatforms) = preSolution
		Debug|Any CPU = Debug|Any CPU
		Release|Any CPU = Release|Any CPU
	EndGlobalSection
	GlobalSection(ProjectConfigurationPlatforms) = postSolution
		{D7FC8AB2-3643-42BC-96D2-67E2C5D94B07}.Debug|Any CPU.ActiveCfg = Debug|Any CPU
		{D7FC8AB2-3643-42BC-96D2-67E2C5D94B07}.Debug|Any CPU.Build.0 = Debug|Any CPU
		{D7FC8AB2-3643-42BC-96D2-67E2C5D94B07}.Release|Any CPU.ActiveCfg = Release|Any CPU
		{D7FC8AB2-3643-42BC-96D2-67E2C5D94B07}.Release|Any CPU.Build.0 = Release|Any CPU
	EndGlobalSection
	GlobalSection(SolutionProperties) = preSolution
		HideSolutionNode = FALSE
	EndGlobalSection
	GlobalSection(ExtensibilityGlobals) = postSolution
		SolutionGuid = {11ABB5F9-BF8D-4F6D-892E-0A6225DD6E02}
	EndGlobalSection
EndGlobal
